// !$*UTF8*$!
{
	archiveVersion = 1;
	classes = {
	};
	objectVersion = 48;
	objects = {

/* Begin PBXBuildFile section */
		619855771FD9F20C00EB8403 /* AppDelegate.swift in Sources */ = {isa = PBXBuildFile; fileRef = 619855761FD9F20C00EB8403 /* AppDelegate.swift */; };
		619855791FD9F20C00EB8403 /* ViewController.swift in Sources */ = {isa = PBXBuildFile; fileRef = 619855781FD9F20C00EB8403 /* ViewController.swift */; };
		6198557C1FD9F20C00EB8403 /* Main.storyboard in Resources */ = {isa = PBXBuildFile; fileRef = 6198557A1FD9F20C00EB8403 /* Main.storyboard */; };
		6198557E1FD9F20C00EB8403 /* Assets.xcassets in Resources */ = {isa = PBXBuildFile; fileRef = 6198557D1FD9F20C00EB8403 /* Assets.xcassets */; };
		619855811FD9F20C00EB8403 /* LaunchScreen.storyboard in Resources */ = {isa = PBXBuildFile; fileRef = 6198557F1FD9F20C00EB8403 /* LaunchScreen.storyboard */; };
		6198558C1FD9F20C00EB8403 /* I_hope_this_worksTests.swift in Sources */ = {isa = PBXBuildFile; fileRef = 6198558B1FD9F20C00EB8403 /* I_hope_this_worksTests.swift */; };
		619855971FD9F20C00EB8403 /* I_hope_this_worksUITests.swift in Sources */ = {isa = PBXBuildFile; fileRef = 619855961FD9F20C00EB8403 /* I_hope_this_worksUITests.swift */; };
/* End PBXBuildFile section */

/* Begin PBXContainerItemProxy section */
		619855881FD9F20C00EB8403 /* PBXContainerItemProxy */ = {
			isa = PBXContainerItemProxy;
			containerPortal = 6198556B1FD9F20C00EB8403 /* Project object */;
			proxyType = 1;
			remoteGlobalIDString = 619855721FD9F20C00EB8403;
			remoteInfo = "I hope this works";
		};
		619855931FD9F20C00EB8403 /* PBXContainerItemProxy */ = {
			isa = PBXContainerItemProxy;
			containerPortal = 6198556B1FD9F20C00EB8403 /* Project object */;
			proxyType = 1;
			remoteGlobalIDString = 619855721FD9F20C00EB8403;
			remoteInfo = "I hope this works";
		};
/* End PBXContainerItemProxy section */

/* Begin PBXFileReference section */
		619855731FD9F20C00EB8403 /* I hope this works.app */ = {isa = PBXFileReference; explicitFileType = wrapper.application; includeInIndex = 0; path = "I hope this works.app"; sourceTree = BUILT_PRODUCTS_DIR; };
		619855761FD9F20C00EB8403 /* AppDelegate.swift */ = {isa = PBXFileReference; lastKnownFileType = sourcecode.swift; path = AppDelegate.swift; sourceTree = "<group>"; };
		619855781FD9F20C00EB8403 /* ViewController.swift */ = {isa = PBXFileReference; lastKnownFileType = sourcecode.swift; path = ViewController.swift; sourceTree = "<group>"; };
		6198557B1FD9F20C00EB8403 /* Base */ = {isa = PBXFileReference; lastKnownFileType = file.storyboard; name = Base; path = Base.lproj/Main.storyboard; sourceTree = "<group>"; };
		6198557D1FD9F20C00EB8403 /* Assets.xcassets */ = {isa = PBXFileReference; lastKnownFileType = folder.assetcatalog; path = Assets.xcassets; sourceTree = "<group>"; };
		619855801FD9F20C00EB8403 /* Base */ = {isa = PBXFileReference; lastKnownFileType = file.storyboard; name = Base; path = Base.lproj/LaunchScreen.storyboard; sourceTree = "<group>"; };
		619855821FD9F20C00EB8403 /* Info.plist */ = {isa = PBXFileReference; lastKnownFileType = text.plist.xml; path = Info.plist; sourceTree = "<group>"; };
		619855871FD9F20C00EB8403 /* I hope this worksTests.xctest */ = {isa = PBXFileReference; explicitFileType = wrapper.cfbundle; includeInIndex = 0; path = "I hope this worksTests.xctest"; sourceTree = BUILT_PRODUCTS_DIR; };
		6198558B1FD9F20C00EB8403 /* I_hope_this_worksTests.swift */ = {isa = PBXFileReference; lastKnownFileType = sourcecode.swift; path = I_hope_this_worksTests.swift; sourceTree = "<group>"; };
		6198558D1FD9F20C00EB8403 /* Info.plist */ = {isa = PBXFileReference; lastKnownFileType = text.plist.xml; path = Info.plist; sourceTree = "<group>"; };
		619855921FD9F20C00EB8403 /* I hope this worksUITests.xctest */ = {isa = PBXFileReference; explicitFileType = wrapper.cfbundle; includeInIndex = 0; path = "I hope this worksUITests.xctest"; sourceTree = BUILT_PRODUCTS_DIR; };
		619855961FD9F20C00EB8403 /* I_hope_this_worksUITests.swift */ = {isa = PBXFileReference; lastKnownFileType = sourcecode.swift; path = I_hope_this_worksUITests.swift; sourceTree = "<group>"; };
		619855981FD9F20C00EB8403 /* Info.plist */ = {isa = PBXFileReference; lastKnownFileType = text.plist.xml; path = Info.plist; sourceTree = "<group>"; };
/* End PBXFileReference section */

/* Begin PBXFrameworksBuildPhase section */
		619855701FD9F20C00EB8403 /* Frameworks */ = {
			isa = PBXFrameworksBuildPhase;
			buildActionMask = 2147483647;
			files = (
			);
			runOnlyForDeploymentPostprocessing = 0;
		};
		619855841FD9F20C00EB8403 /* Frameworks */ = {
			isa = PBXFrameworksBuildPhase;
			buildActionMask = 2147483647;
			files = (
			);
			runOnlyForDeploymentPostprocessing = 0;
		};
		6198558F1FD9F20C00EB8403 /* Frameworks */ = {
			isa = PBXFrameworksBuildPhase;
			buildActionMask = 2147483647;
			files = (
			);
			runOnlyForDeploymentPostprocessing = 0;
		};
/* End PBXFrameworksBuildPhase section */

/* Begin PBXGroup section */
		6198556A1FD9F20C00EB8403 = {
			isa = PBXGroup;
			children = (
				619855751FD9F20C00EB8403 /* I hope this works */,
				6198558A1FD9F20C00EB8403 /* I hope this worksTests */,
				619855951FD9F20C00EB8403 /* I hope this worksUITests */,
				619855741FD9F20C00EB8403 /* Products */,
			);
			sourceTree = "<group>";
		};
		619855741FD9F20C00EB8403 /* Products */ = {
			isa = PBXGroup;
			children = (
				619855731FD9F20C00EB8403 /* I hope this works.app */,
				619855871FD9F20C00EB8403 /* I hope this worksTests.xctest */,
				619855921FD9F20C00EB8403 /* I hope this worksUITests.xctest */,
			);
			name = Products;
			sourceTree = "<group>";
		};
		619855751FD9F20C00EB8403 /* I hope this works */ = {
			isa = PBXGroup;
			children = (
				619855761FD9F20C00EB8403 /* AppDelegate.swift */,
				619855781FD9F20C00EB8403 /* ViewController.swift */,
				6198557A1FD9F20C00EB8403 /* Main.storyboard */,
				6198557D1FD9F20C00EB8403 /* Assets.xcassets */,
				6198557F1FD9F20C00EB8403 /* LaunchScreen.storyboard */,
				619855821FD9F20C00EB8403 /* Info.plist */,
			);
			path = "I hope this works";
			sourceTree = "<group>";
		};
		6198558A1FD9F20C00EB8403 /* I hope this worksTests */ = {
			isa = PBXGroup;
			children = (
				6198558B1FD9F20C00EB8403 /* I_hope_this_worksTests.swift */,
				6198558D1FD9F20C00EB8403 /* Info.plist */,
			);
			path = "I hope this worksTests";
			sourceTree = "<group>";
		};
		619855951FD9F20C00EB8403 /* I hope this worksUITests */ = {
			isa = PBXGroup;
			children = (
				619855961FD9F20C00EB8403 /* I_hope_this_worksUITests.swift */,
				619855981FD9F20C00EB8403 /* Info.plist */,
			);
			path = "I hope this worksUITests";
			sourceTree = "<group>";
		};
/* End PBXGroup section */

/* Begin PBXNativeTarget section */
		619855721FD9F20C00EB8403 /* I hope this works */ = {
			isa = PBXNativeTarget;
			buildConfigurationList = 6198559B1FD9F20C00EB8403 /* Build configuration list for PBXNativeTarget "I hope this works" */;
			buildPhases = (
				6198556F1FD9F20C00EB8403 /* Sources */,
				619855701FD9F20C00EB8403 /* Frameworks */,
				619855711FD9F20C00EB8403 /* Resources */,
			);
			buildRules = (
			);
			dependencies = (
			);
			name = "I hope this works";
			productName = "I hope this works";
			productReference = 619855731FD9F20C00EB8403 /* I hope this works.app */;
			productType = "com.apple.product-type.application";
		};
		619855861FD9F20C00EB8403 /* I hope this worksTests */ = {
			isa = PBXNativeTarget;
			buildConfigurationList = 6198559E1FD9F20C00EB8403 /* Build configuration list for PBXNativeTarget "I hope this worksTests" */;
			buildPhases = (
				619855831FD9F20C00EB8403 /* Sources */,
				619855841FD9F20C00EB8403 /* Frameworks */,
				619855851FD9F20C00EB8403 /* Resources */,
			);
			buildRules = (
			);
			dependencies = (
				619855891FD9F20C00EB8403 /* PBXTargetDependency */,
			);
			name = "I hope this worksTests";
			productName = "I hope this worksTests";
			productReference = 619855871FD9F20C00EB8403 /* I hope this worksTests.xctest */;
			productType = "com.apple.product-type.bundle.unit-test";
		};
		619855911FD9F20C00EB8403 /* I hope this worksUITests */ = {
			isa = PBXNativeTarget;
			buildConfigurationList = 619855A11FD9F20C00EB8403 /* Build configuration list for PBXNativeTarget "I hope this worksUITests" */;
			buildPhases = (
				6198558E1FD9F20C00EB8403 /* Sources */,
				6198558F1FD9F20C00EB8403 /* Frameworks */,
				619855901FD9F20C00EB8403 /* Resources */,
			);
			buildRules = (
			);
			dependencies = (
				619855941FD9F20C00EB8403 /* PBXTargetDependency */,
			);
			name = "I hope this worksUITests";
			productName = "I hope this worksUITests";
			productReference = 619855921FD9F20C00EB8403 /* I hope this worksUITests.xctest */;
			productType = "com.apple.product-type.bundle.ui-testing";
		};
/* End PBXNativeTarget section */

/* Begin PBXProject section */
		6198556B1FD9F20C00EB8403 /* Project object */ = {
			isa = PBXProject;
			attributes = {
				LastSwiftUpdateCheck = 0920;
				LastUpgradeCheck = 0920;
				ORGANIZATIONNAME = "Ian Hatlewick";
				TargetAttributes = {
					619855721FD9F20C00EB8403 = {
						CreatedOnToolsVersion = 9.2;
						ProvisioningStyle = Automatic;
					};
					619855861FD9F20C00EB8403 = {
						CreatedOnToolsVersion = 9.2;
						ProvisioningStyle = Automatic;
						TestTargetID = 619855721FD9F20C00EB8403;
					};
					619855911FD9F20C00EB8403 = {
						CreatedOnToolsVersion = 9.2;
						ProvisioningStyle = Automatic;
						TestTargetID = 619855721FD9F20C00EB8403;
					};
				};
			};
			buildConfigurationList = 6198556E1FD9F20C00EB8403 /* Build configuration list for PBXProject "I hope this works" */;
			compatibilityVersion = "Xcode 8.0";
			developmentRegion = en;
			hasScannedForEncodings = 0;
			knownRegions = (
				en,
				Base,
			);
			mainGroup = 6198556A1FD9F20C00EB8403;
			productRefGroup = 619855741FD9F20C00EB8403 /* Products */;
			projectDirPath = "";
			projectRoot = "";
			targets = (
				619855721FD9F20C00EB8403 /* I hope this works */,
				619855861FD9F20C00EB8403 /* I hope this worksTests */,
				619855911FD9F20C00EB8403 /* I hope this worksUITests */,
			);
		};
/* End PBXProject section */

/* Begin PBXResourcesBuildPhase section */
		619855711FD9F20C00EB8403 /* Resources */ = {
			isa = PBXResourcesBuildPhase;
			buildActionMask = 2147483647;
			files = (
				619855811FD9F20C00EB8403 /* LaunchScreen.storyboard in Resources */,
				6198557E1FD9F20C00EB8403 /* Assets.xcassets in Resources */,
				6198557C1FD9F20C00EB8403 /* Main.storyboard in Resources */,
			);
			runOnlyForDeploymentPostprocessing = 0;
		};
		619855851FD9F20C00EB8403 /* Resources */ = {
			isa = PBXResourcesBuildPhase;
			buildActionMask = 2147483647;
			files = (
			);
			runOnlyForDeploymentPostprocessing = 0;
		};
		619855901FD9F20C00EB8403 /* Resources */ = {
			isa = PBXResourcesBuildPhase;
			buildActionMask = 2147483647;
			files = (
			);
			runOnlyForDeploymentPostprocessing = 0;
		};
/* End PBXResourcesBuildPhase section */

/* Begin PBXSourcesBuildPhase section */
		6198556F1FD9F20C00EB8403 /* Sources */ = {
			isa = PBXSourcesBuildPhase;
			buildActionMask = 2147483647;
			files = (
				619855791FD9F20C00EB8403 /* ViewController.swift in Sources */,
				619855771FD9F20C00EB8403 /* AppDelegate.swift in Sources */,
			);
			runOnlyForDeploymentPostprocessing = 0;
		};
		619855831FD9F20C00EB8403 /* Sources */ = {
			isa = PBXSourcesBuildPhase;
			buildActionMask = 2147483647;
			files = (
				6198558C1FD9F20C00EB8403 /* I_hope_this_worksTests.swift in Sources */,
			);
			runOnlyForDeploymentPostprocessing = 0;
		};
		6198558E1FD9F20C00EB8403 /* Sources */ = {
			isa = PBXSourcesBuildPhase;
			buildActionMask = 2147483647;
			files = (
				619855971FD9F20C00EB8403 /* I_hope_this_worksUITests.swift in Sources */,
			);
			runOnlyForDeploymentPostprocessing = 0;
		};
/* End PBXSourcesBuildPhase section */

/* Begin PBXTargetDependency section */
		619855891FD9F20C00EB8403 /* PBXTargetDependency */ = {
			isa = PBXTargetDependency;
			target = 619855721FD9F20C00EB8403 /* I hope this works */;
			targetProxy = 619855881FD9F20C00EB8403 /* PBXContainerItemProxy */;
		};
		619855941FD9F20C00EB8403 /* PBXTargetDependency */ = {
			isa = PBXTargetDependency;
			target = 619855721FD9F20C00EB8403 /* I hope this works */;
			targetProxy = 619855931FD9F20C00EB8403 /* PBXContainerItemProxy */;
		};
/* End PBXTargetDependency section */

/* Begin PBXVariantGroup section */
		6198557A1FD9F20C00EB8403 /* Main.storyboard */ = {
			isa = PBXVariantGroup;
			children = (
				6198557B1FD9F20C00EB8403 /* Base */,
			);
			name = Main.storyboard;
			sourceTree = "<group>";
		};
		6198557F1FD9F20C00EB8403 /* LaunchScreen.storyboard */ = {
			isa = PBXVariantGroup;
			children = (
				619855801FD9F20C00EB8403 /* Base */,
			);
			name = LaunchScreen.storyboard;
			sourceTree = "<group>";
		};
/* End PBXVariantGroup section */

/* Begin XCBuildConfiguration section */
		619855991FD9F20C00EB8403 /* Debug */ = {
			isa = XCBuildConfiguration;
			buildSettings = {
				ALWAYS_SEARCH_USER_PATHS = NO;
				CLANG_ANALYZER_NONNULL = YES;
				CLANG_ANALYZER_NUMBER_OBJECT_CONVERSION = YES_AGGRESSIVE;
				CLANG_CXX_LANGUAGE_STANDARD = "gnu++14";
				CLANG_CXX_LIBRARY = "libc++";
				CLANG_ENABLE_MODULES = YES;
				CLANG_ENABLE_OBJC_ARC = YES;
				CLANG_WARN_BLOCK_CAPTURE_AUTORELEASING = YES;
				CLANG_WARN_BOOL_CONVERSION = YES;
				CLANG_WARN_COMMA = YES;
				CLANG_WARN_CONSTANT_CONVERSION = YES;
				CLANG_WARN_DIRECT_OBJC_ISA_USAGE = YES_ERROR;
				CLANG_WARN_DOCUMENTATION_COMMENTS = YES;
				CLANG_WARN_EMPTY_BODY = YES;
				CLANG_WARN_ENUM_CONVERSION = YES;
				CLANG_WARN_INFINITE_RECURSION = YES;
				CLANG_WARN_INT_CONVERSION = YES;
				CLANG_WARN_NON_LITERAL_NULL_CONVERSION = YES;
				CLANG_WARN_OBJC_LITERAL_CONVERSION = YES;
				CLANG_WARN_OBJC_ROOT_CLASS = YES_ERROR;
				CLANG_WARN_RANGE_LOOP_ANALYSIS = YES;
				CLANG_WARN_STRICT_PROTOTYPES = YES;
				CLANG_WARN_SUSPICIOUS_MOVE = YES;
				CLANG_WARN_UNGUARDED_AVAILABILITY = YES_AGGRESSIVE;
				CLANG_WARN_UNREACHABLE_CODE = YES;
				CLANG_WARN__DUPLICATE_METHOD_MATCH = YES;
				CODE_SIGN_IDENTITY = "iPhone Developer";
				COPY_PHASE_STRIP = NO;
				DEBUG_INFORMATION_FORMAT = dwarf;
				ENABLE_STRICT_OBJC_MSGSEND = YES;
				ENABLE_TESTABILITY = YES;
				GCC_C_LANGUAGE_STANDARD = gnu11;
				GCC_DYNAMIC_NO_PIC = NO;
				GCC_NO_COMMON_BLOCKS = YES;
				GCC_OPTIMIZATION_LEVEL = 0;
				GCC_PREPROCESSOR_DEFINITIONS = (
					"DEBUG=1",
					"$(inherited)",
				);
				GCC_WARN_64_TO_32_BIT_CONVERSION = YES;
				GCC_WARN_ABOUT_RETURN_TYPE = YES_ERROR;
				GCC_WARN_UNDECLARED_SELECTOR = YES;
				GCC_WARN_UNINITIALIZED_AUTOS = YES_AGGRESSIVE;
				GCC_WARN_UNUSED_FUNCTION = YES;
				GCC_WARN_UNUSED_VARIABLE = YES;
				IPHONEOS_DEPLOYMENT_TARGET = 11.2;
				MTL_ENABLE_DEBUG_INFO = YES;
				ONLY_ACTIVE_ARCH = YES;
				SDKROOT = iphoneos;
				SWIFT_ACTIVE_COMPILATION_CONDITIONS = DEBUG;
				SWIFT_OPTIMIZATION_LEVEL = "-Onone";
			};
			name = Debug;
		};
		6198559A1FD9F20C00EB8403 /* Release */ = {
			isa = XCBuildConfiguration;
			buildSettings = {
				ALWAYS_SEARCH_USER_PATHS = NO;
				CLANG_ANALYZER_NONNULL = YES;
				CLANG_ANALYZER_NUMBER_OBJECT_CONVERSION = YES_AGGRESSIVE;
				CLANG_CXX_LANGUAGE_STANDARD = "gnu++14";
				CLANG_CXX_LIBRARY = "libc++";
				CLANG_ENABLE_MODULES = YES;
				CLANG_ENABLE_OBJC_ARC = YES;
				CLANG_WARN_BLOCK_CAPTURE_AUTORELEASING = YES;
				CLANG_WARN_BOOL_CONVERSION = YES;
				CLANG_WARN_COMMA = YES;
				CLANG_WARN_CONSTANT_CONVERSION = YES;
				CLANG_WARN_DIRECT_OBJC_ISA_USAGE = YES_ERROR;
				CLANG_WARN_DOCUMENTATION_COMMENTS = YES;
				CLANG_WARN_EMPTY_BODY = YES;
				CLANG_WARN_ENUM_CONVERSION = YES;
				CLANG_WARN_INFINITE_RECURSION = YES;
				CLANG_WARN_INT_CONVERSION = YES;
				CLANG_WARN_NON_LITERAL_NULL_CONVERSION = YES;
				CLANG_WARN_OBJC_LITERAL_CONVERSION = YES;
				CLANG_WARN_OBJC_ROOT_CLASS = YES_ERROR;
				CLANG_WARN_RANGE_LOOP_ANALYSIS = YES;
				CLANG_WARN_STRICT_PROTOTYPES = YES;
				CLANG_WARN_SUSPICIOUS_MOVE = YES;
				CLANG_WARN_UNGUARDED_AVAILABILITY = YES_AGGRESSIVE;
				CLANG_WARN_UNREACHABLE_CODE = YES;
				CLANG_WARN__DUPLICATE_METHOD_MATCH = YES;
				CODE_SIGN_IDENTITY = "iPhone Developer";
				COPY_PHASE_STRIP = NO;
				DEBUG_INFORMATION_FORMAT = "dwarf-with-dsym";
				ENABLE_NS_ASSERTIONS = NO;
				ENABLE_STRICT_OBJC_MSGSEND = YES;
				GCC_C_LANGUAGE_STANDARD = gnu11;
				GCC_NO_COMMON_BLOCKS = YES;
				GCC_WARN_64_TO_32_BIT_CONVERSION = YES;
				GCC_WARN_ABOUT_RETURN_TYPE = YES_ERROR;
				GCC_WARN_UNDECLARED_SELECTOR = YES;
				GCC_WARN_UNINITIALIZED_AUTOS = YES_AGGRESSIVE;
				GCC_WARN_UNUSED_FUNCTION = YES;
				GCC_WARN_UNUSED_VARIABLE = YES;
				IPHONEOS_DEPLOYMENT_TARGET = 11.2;
				MTL_ENABLE_DEBUG_INFO = NO;
				SDKROOT = iphoneos;
				SWIFT_OPTIMIZATION_LEVEL = "-Owholemodule";
				VALIDATE_PRODUCT = YES;
			};
			name = Release;
		};
		6198559C1FD9F20C00EB8403 /* Debug */ = {
			isa = XCBuildConfiguration;
			buildSettings = {
				ASSETCATALOG_COMPILER_APPICON_NAME = AppIcon;
				CODE_SIGN_STYLE = Automatic;
				DEVELOPMENT_TEAM = TDDN2V7ZMH;
				INFOPLIST_FILE = "I hope this works/Info.plist";
				LD_RUNPATH_SEARCH_PATHS = "$(inherited) @executable_path/Frameworks";
				PRODUCT_BUNDLE_IDENTIFIER = "test.I-hope-this-works";
				PRODUCT_NAME = "$(TARGET_NAME)";
				SWIFT_VERSION = 4.0;
				TARGETED_DEVICE_FAMILY = "1,2";
			};
			name = Debug;
		};
		6198559D1FD9F20C00EB8403 /* Release */ = {
			isa = XCBuildConfiguration;
			buildSettings = {
				ASSETCATALOG_COMPILER_APPICON_NAME = AppIcon;
				CODE_SIGN_STYLE = Automatic;
				DEVELOPMENT_TEAM = TDDN2V7ZMH;
				INFOPLIST_FILE = "I hope this works/Info.plist";
				LD_RUNPATH_SEARCH_PATHS = "$(inherited) @executable_path/Frameworks";
				PRODUCT_BUNDLE_IDENTIFIER = "test.I-hope-this-works";
				PRODUCT_NAME = "$(TARGET_NAME)";
				SWIFT_VERSION = 4.0;
				TARGETED_DEVICE_FAMILY = "1,2";
			};
			name = Release;
		};
		6198559F1FD9F20C00EB8403 /* Debug */ = {
			isa = XCBuildConfiguration;
			buildSettings = {
				ALWAYS_EMBED_SWIFT_STANDARD_LIBRARIES = YES;
				BUNDLE_LOADER = "$(TEST_HOST)";
				CODE_SIGN_STYLE = Automatic;
				DEVELOPMENT_TEAM = TDDN2V7ZMH;
				INFOPLIST_FILE = "I hope this worksTests/Info.plist";
				LD_RUNPATH_SEARCH_PATHS = "$(inherited) @executable_path/Frameworks @loader_path/Frameworks";
				PRODUCT_BUNDLE_IDENTIFIER = "test.I-hope-this-worksTests";
				PRODUCT_NAME = "$(TARGET_NAME)";
				SWIFT_VERSION = 4.0;
				TARGETED_DEVICE_FAMILY = "1,2";
				TEST_HOST = "$(BUILT_PRODUCTS_DIR)/I hope this works.app/I hope this works";
			};
			name = Debug;
		};
		619855A01FD9F20C00EB8403 /* Release */ = {
			isa = XCBuildConfiguration;
			buildSettings = {
				ALWAYS_EMBED_SWIFT_STANDARD_LIBRARIES = YES;
				BUNDLE_LOADER = "$(TEST_HOST)";
				CODE_SIGN_STYLE = Automatic;
				DEVELOPMENT_TEAM = TDDN2V7ZMH;
				INFOPLIST_FILE = "I hope this worksTests/Info.plist";
				LD_RUNPATH_SEARCH_PATHS = "$(inherited) @executable_path/Frameworks @loader_path/Frameworks";
				PRODUCT_BUNDLE_IDENTIFIER = "test.I-hope-this-worksTests";
				PRODUCT_NAME = "$(TARGET_NAME)";
				SWIFT_VERSION = 4.0;
				TARGETED_DEVICE_FAMILY = "1,2";
				TEST_HOST = "$(BUILT_PRODUCTS_DIR)/I hope this works.app/I hope this works";
			};
			name = Release;
		};
		619855A21FD9F20C00EB8403 /* Debug */ = {
			isa = XCBuildConfiguration;
			buildSettings = {
				ALWAYS_EMBED_SWIFT_STANDARD_LIBRARIES = YES;
				CODE_SIGN_STYLE = Automatic;
				DEVELOPMENT_TEAM = TDDN2V7ZMH;
				INFOPLIST_FILE = "I hope this worksUITests/Info.plist";
				LD_RUNPATH_SEARCH_PATHS = "$(inherited) @executable_path/Frameworks @loader_path/Frameworks";
				PRODUCT_BUNDLE_IDENTIFIER = "test.I-hope-this-worksUITests";
				PRODUCT_NAME = "$(TARGET_NAME)";
				SWIFT_VERSION = 4.0;
				TARGETED_DEVICE_FAMILY = "1,2";
				TEST_TARGET_NAME = "I hope this works";
			};
			name = Debug;
		};
		619855A31FD9F20C00EB8403 /* Release */ = {
			isa = XCBuildConfiguration;
			buildSettings = {
				ALWAYS_EMBED_SWIFT_STANDARD_LIBRARIES = YES;
				CODE_SIGN_STYLE = Automatic;
				DEVELOPMENT_TEAM = TDDN2V7ZMH;
				INFOPLIST_FILE = "I hope this worksUITests/Info.plist";
				LD_RUNPATH_SEARCH_PATHS = "$(inherited) @executable_path/Frameworks @loader_path/Frameworks";
				PRODUCT_BUNDLE_IDENTIFIER = "test.I-hope-this-worksUITests";
				PRODUCT_NAME = "$(TARGET_NAME)";
				SWIFT_VERSION = 4.0;
				TARGETED_DEVICE_FAMILY = "1,2";
				TEST_TARGET_NAME = "I hope this works";
			};
			name = Release;
		};
/* End XCBuildConfiguration section */

/* Begin XCConfigurationList section */
		6198556E1FD9F20C00EB8403 /* Build configuration list for PBXProject "I hope this works" */ = {
			isa = XCConfigurationList;
			buildConfigurations = (
				619855991FD9F20C00EB8403 /* Debug */,
				6198559A1FD9F20C00EB8403 /* Release */,
			);
			defaultConfigurationIsVisible = 0;
			defaultConfigurationName = Release;
		};
		6198559B1FD9F20C00EB8403 /* Build configuration list for PBXNativeTarget "I hope this works" */ = {
			isa = XCConfigurationList;
			buildConfigurations = (
				6198559C1FD9F20C00EB8403 /* Debug */,
				6198559D1FD9F20C00EB8403 /* Release */,
			);
			defaultConfigurationIsVisible = 0;
			defaultConfigurationName = Release;
		};
		6198559E1FD9F20C00EB8403 /* Build configuration list for PBXNativeTarget "I hope this worksTests" */ = {
			isa = XCConfigurationList;
			buildConfigurations = (
				6198559F1FD9F20C00EB8403 /* Debug */,
				619855A01FD9F20C00EB8403 /* Release */,
			);
			defaultConfigurationIsVisible = 0;
			defaultConfigurationName = Release;
		};
		619855A11FD9F20C00EB8403 /* Build configuration list for PBXNativeTarget "I hope this worksUITests" */ = {
			isa = XCConfigurationList;
			buildConfigurations = (
				619855A21FD9F20C00EB8403 /* Debug */,
				619855A31FD9F20C00EB8403 /* Release */,
			);
			defaultConfigurationIsVisible = 0;
			defaultConfigurationName = Release;
		};
/* End XCConfigurationList section */
	};
	rootObject = 6198556B1FD9F20C00EB8403 /* Project object */;
}
